
Microsoft Visual Studio Solution File, Format Version 12.00
# Visual Studio Version 17
VisualStudioVersion = 17.2.32616.157
MinimumVisualStudioVersion = 10.0.40219.1
Project("{FAE04EC0-301F-11D3-BF4B-00C04F79EFBC}") = "AppHotel.Android", "AppHotel.Android\AppHotel.Android.csproj", "{6C198E46-6DD2-43CE-9D87-1ED3E61C2128}"
EndProject
Project("{FAE04EC0-301F-11D3-BF4B-00C04F79EFBC}") = "AppHotel", "AppHotel\AppHotel.csproj", "{30D25D4C-4A67-4410-A198-5E9EB796A45C}"
EndProject
Global
	GlobalSection(SolutionConfigurationPlatforms) = preSolution
		Debug|Any CPU = Debug|Any CPU
		Release|Any CPU = Release|Any CPU
	EndGlobalSection
	GlobalSection(ProjectConfigurationPlatforms) = postSolution
		{6C198E46-6DD2-43CE-9D87-1ED3E61C2128}.Debug|Any CPU.ActiveCfg = Debug|Any CPU
		{6C198E46-6DD2-43CE-9D87-1ED3E61C2128}.Debug|Any CPU.Build.0 = Debug|Any CPU
		{6C198E46-6DD2-43CE-9D87-1ED3E61C2128}.Debug|Any CPU.Deploy.0 = Debug|Any CPU
		{6C198E46-6DD2-43CE-9D87-1ED3E61C2128}.Release|Any CPU.ActiveCfg = Release|Any CPU
		{6C198E46-6DD2-43CE-9D87-1ED3E61C2128}.Release|Any CPU.Build.0 = Release|Any CPU
		{6C198E46-6DD2-43CE-9D87-1ED3E61C2128}.Release|Any CPU.Deploy.0 = Release|Any CPU
		{30D25D4C-4A67-4410-A198-5E9EB796A45C}.Debug|Any CPU.ActiveCfg = Debug|Any CPU
		{30D25D4C-4A67-4410-A198-5E9EB796A45C}.Debug|Any CPU.Build.0 = Debug|Any CPU
		{30D25D4C-4A67-4410-A198-5E9EB796A45C}.Debug|Any CPU.Deploy.0 = Debug|Any CPU
		{30D25D4C-4A67-4410-A198-5E9EB796A45C}.Release|Any CPU.ActiveCfg = Release|Any CPU
		{30D25D4C-4A67-4410-A198-5E9EB796A45C}.Release|Any CPU.Build.0 = Release|Any CPU
		{30D25D4C-4A67-4410-A198-5E9EB796A45C}.Release|Any CPU.Deploy.0 = Release|Any CPU
	EndGlobalSection
	GlobalSection(SolutionProperties) = preSolution
		HideSolutionNode = FALSE
	EndGlobalSection
	GlobalSection(ExtensibilityGlobals) = postSolution
		SolutionGuid = {E11DBB55-A8BD-47AA-AAFE-966D1790E6CB}
	EndGlobalSection
EndGlobal
